// !$*UTF8*$!
{
	archiveVersion = 1;
	classes = {
	};
	objectVersion = 46;
	objects = {

/* Begin PBXBuildFile section */
		29EA5FF3171B2665002D0666 /* UIKit.framework in Frameworks */ = {isa = PBXBuildFile; fileRef = 29EA5FF2171B2665002D0666 /* UIKit.framework */; };
		29EA5FF5171B2665002D0666 /* Foundation.framework in Frameworks */ = {isa = PBXBuildFile; fileRef = 29EA5FF4171B2665002D0666 /* Foundation.framework */; };
		29EA5FF7171B2665002D0666 /* CoreGraphics.framework in Frameworks */ = {isa = PBXBuildFile; fileRef = 29EA5FF6171B2665002D0666 /* CoreGraphics.framework */; };
		29EA5FFD171B2665002D0666 /* InfoPlist.strings in Resources */ = {isa = PBXBuildFile; fileRef = 29EA5FFB171B2665002D0666 /* InfoPlist.strings */; };
		29EA5FFF171B2665002D0666 /* main.m in Sources */ = {isa = PBXBuildFile; fileRef = 29EA5FFE171B2665002D0666 /* main.m */; };
		29EA6003171B2665002D0666 /* AppDelegate.m in Sources */ = {isa = PBXBuildFile; fileRef = 29EA6002171B2665002D0666 /* AppDelegate.m */; };
		29EA6005171B2665002D0666 /* Default.png in Resources */ = {isa = PBXBuildFile; fileRef = 29EA6004171B2665002D0666 /* Default.png */; };
		29EA6007171B2665002D0666 /* Default@2x.png in Resources */ = {isa = PBXBuildFile; fileRef = 29EA6006171B2665002D0666 /* Default@2x.png */; };
		29EA6009171B2665002D0666 /* Default-568h@2x.png in Resources */ = {isa = PBXBuildFile; fileRef = 29EA6008171B2665002D0666 /* Default-568h@2x.png */; };
		29EA6024171B26D2002D0666 /* bg-dark.png in Resources */ = {isa = PBXBuildFile; fileRef = 29EA6010171B26D2002D0666 /* bg-dark.png */; };
		29EA6025171B26D2002D0666 /* bg-dark@2x.png in Resources */ = {isa = PBXBuildFile; fileRef = 29EA6011171B26D2002D0666 /* bg-dark@2x.png */; };
		29EA6026171B26D2002D0666 /* bg-icon-fb.png in Resources */ = {isa = PBXBuildFile; fileRef = 29EA6012171B26D2002D0666 /* bg-icon-fb.png */; };
		29EA6027171B26D2002D0666 /* bg-icon-fb@2x.png in Resources */ = {isa = PBXBuildFile; fileRef = 29EA6013171B26D2002D0666 /* bg-icon-fb@2x.png */; };
		29EA6028171B26D2002D0666 /* bg-icon-google.png in Resources */ = {isa = PBXBuildFile; fileRef = 29EA6014171B26D2002D0666 /* bg-icon-google.png */; };
		29EA6029171B26D2002D0666 /* bg-icon-google@2x.png in Resources */ = {isa = PBXBuildFile; fileRef = 29EA6015171B26D2002D0666 /* bg-icon-google@2x.png */; };
		29EA602A171B26D2002D0666 /* bg-icon-ins.png in Resources */ = {isa = PBXBuildFile; fileRef = 29EA6016171B26D2002D0666 /* bg-icon-ins.png */; };
		29EA602B171B26D2002D0666 /* bg-icon-ins@2x.png in Resources */ = {isa = PBXBuildFile; fileRef = 29EA6017171B26D2002D0666 /* bg-icon-ins@2x.png */; };
		29EA602C171B26D2002D0666 /* bg-icon-lnk.png in Resources */ = {isa = PBXBuildFile; fileRef = 29EA6018171B26D2002D0666 /* bg-icon-lnk.png */; };
		29EA602D171B26D2002D0666 /* bg-icon-lnk@2x.png in Resources */ = {isa = PBXBuildFile; fileRef = 29EA6019171B26D2002D0666 /* bg-icon-lnk@2x.png */; };
		29EA602E171B26D2002D0666 /* bg-icon-tw.png in Resources */ = {isa = PBXBuildFile; fileRef = 29EA601A171B26D2002D0666 /* bg-icon-tw.png */; };
		29EA602F171B26D2002D0666 /* bg-icon-tw@2x.png in Resources */ = {isa = PBXBuildFile; fileRef = 29EA601B171B26D2002D0666 /* bg-icon-tw@2x.png */; };
		29EA6030171B26D2002D0666 /* btn-submit.png in Resources */ = {isa = PBXBuildFile; fileRef = 29EA601C171B26D2002D0666 /* btn-submit.png */; };
		29EA6031171B26D2002D0666 /* btn-submit@2x.png in Resources */ = {isa = PBXBuildFile; fileRef = 29EA601D171B26D2002D0666 /* btn-submit@2x.png */; };
		29EA6032171B26D2002D0666 /* divider-grey.png in Resources */ = {isa = PBXBuildFile; fileRef = 29EA601E171B26D2002D0666 /* divider-grey.png */; };
		29EA6033171B26D2002D0666 /* divider-grey@2x.png in Resources */ = {isa = PBXBuildFile; fileRef = 29EA601F171B26D2002D0666 /* divider-grey@2x.png */; };
		29EA6034171B26D2002D0666 /* icon-arrow.png in Resources */ = {isa = PBXBuildFile; fileRef = 29EA6020171B26D2002D0666 /* icon-arrow.png */; };
		29EA6035171B26D2002D0666 /* icon-arrow@2x.png in Resources */ = {isa = PBXBuildFile; fileRef = 29EA6021171B26D2002D0666 /* icon-arrow@2x.png */; };
		29EA6036171B26D2002D0666 /* line-black.png in Resources */ = {isa = PBXBuildFile; fileRef = 29EA6022171B26D2002D0666 /* line-black.png */; };
		29EA6037171B26D2002D0666 /* line-black@2x.png in Resources */ = {isa = PBXBuildFile; fileRef = 29EA6023171B26D2002D0666 /* line-black@2x.png */; };
		29EA603A171B2706002D0666 /* RootViewController.m in Sources */ = {isa = PBXBuildFile; fileRef = 29EA6039171B2706002D0666 /* RootViewController.m */; };
		29EA604C171B2D01002D0666 /* 18909_HelveticaLt.ttf in Resources */ = {isa = PBXBuildFile; fileRef = 29EA6049171B2D01002D0666 /* 18909_HelveticaLt.ttf */; };
		29EA604D171B2D01002D0666 /* 18923_HelveticaNeueHv.ttf in Resources */ = {isa = PBXBuildFile; fileRef = 29EA604A171B2D01002D0666 /* 18923_HelveticaNeueHv.ttf */; };
		29EA604E171B2D01002D0666 /* 19693_HVBL____.ttf in Resources */ = {isa = PBXBuildFile; fileRef = 29EA604B171B2D01002D0666 /* 19693_HVBL____.ttf */; };
		29EA607E171B3947002D0666 /* AFHTTPClient.m in Sources */ = {isa = PBXBuildFile; fileRef = 29EA6069171B3947002D0666 /* AFHTTPClient.m */; };
		29EA607F171B3947002D0666 /* AFHTTPRequestOperation.m in Sources */ = {isa = PBXBuildFile; fileRef = 29EA606B171B3947002D0666 /* AFHTTPRequestOperation.m */; };
		29EA6080171B3947002D0666 /* AFImageRequestOperation.m in Sources */ = {isa = PBXBuildFile; fileRef = 29EA606D171B3947002D0666 /* AFImageRequestOperation.m */; };
		29EA6081171B3947002D0666 /* AFJSONRequestOperation.m in Sources */ = {isa = PBXBuildFile; fileRef = 29EA606F171B3947002D0666 /* AFJSONRequestOperation.m */; };
		29EA6082171B3947002D0666 /* AFNetworkActivityIndicatorManager.m in Sources */ = {isa = PBXBuildFile; fileRef = 29EA6071171B3947002D0666 /* AFNetworkActivityIndicatorManager.m */; };
		29EA6083171B3947002D0666 /* AFPropertyListRequestOperation.m in Sources */ = {isa = PBXBuildFile; fileRef = 29EA6074171B3947002D0666 /* AFPropertyListRequestOperation.m */; };
		29EA6084171B3947002D0666 /* AFURLConnectionOperation.m in Sources */ = {isa = PBXBuildFile; fileRef = 29EA6076171B3947002D0666 /* AFURLConnectionOperation.m */; };
		29EA6085171B3947002D0666 /* AFXMLRequestOperation.m in Sources */ = {isa = PBXBuildFile; fileRef = 29EA6078171B3947002D0666 /* AFXMLRequestOperation.m */; };
		29EA6086171B3947002D0666 /* UIImageView+AFNetworking.m in Sources */ = {isa = PBXBuildFile; fileRef = 29EA607A171B3947002D0666 /* UIImageView+AFNetworking.m */; };
		29EA6087171B3947002D0666 /* ServerManager.m in Sources */ = {isa = PBXBuildFile; fileRef = 29EA607D171B3947002D0666 /* ServerManager.m */; };
		29EA6094171B3A04002D0666 /* EnterYourDigitzViewController.m in Sources */ = {isa = PBXBuildFile; fileRef = 29EA608E171B3A04002D0666 /* EnterYourDigitzViewController.m */; };
		29EA6095171B3A04002D0666 /* PersonalInformationViewController.m in Sources */ = {isa = PBXBuildFile; fileRef = 29EA608F171B3A04002D0666 /* PersonalInformationViewController.m */; };
		29EA6096171B3A04002D0666 /* EnterYourDigitzViewController.xib in Resources */ = {isa = PBXBuildFile; fileRef = 29EA6090171B3A04002D0666 /* EnterYourDigitzViewController.xib */; };
		29EA6097171B3A04002D0666 /* PersonalInformationViewController.xib in Resources */ = {isa = PBXBuildFile; fileRef = 29EA6091171B3A04002D0666 /* PersonalInformationViewController.xib */; };
		29EA609C171B3ECA002D0666 /* bg-box-2-rows.png in Resources */ = {isa = PBXBuildFile; fileRef = 29EA6098171B3ECA002D0666 /* bg-box-2-rows.png */; };
		29EA609D171B3ECA002D0666 /* bg-box-2-rows@2x.png in Resources */ = {isa = PBXBuildFile; fileRef = 29EA6099171B3ECA002D0666 /* bg-box-2-rows@2x.png */; };
		29EA609E171B3ECA002D0666 /* bg-box-6-rows.png in Resources */ = {isa = PBXBuildFile; fileRef = 29EA609A171B3ECA002D0666 /* bg-box-6-rows.png */; };
		29EA609F171B3ECA002D0666 /* bg-box-6-rows@2x.png in Resources */ = {isa = PBXBuildFile; fileRef = 29EA609B171B3ECA002D0666 /* bg-box-6-rows@2x.png */; };
		29EA60A4171B4049002D0666 /* icon-check-box.png in Resources */ = {isa = PBXBuildFile; fileRef = 29EA60A0171B4049002D0666 /* icon-check-box.png */; };
		29EA60A5171B4049002D0666 /* icon-check-box@2x.png in Resources */ = {isa = PBXBuildFile; fileRef = 29EA60A1171B4049002D0666 /* icon-check-box@2x.png */; };
		29EA60A6171B4049002D0666 /* icon-uncheck-box.png in Resources */ = {isa = PBXBuildFile; fileRef = 29EA60A2171B4049002D0666 /* icon-uncheck-box.png */; };
		29EA60A7171B4049002D0666 /* icon-uncheck-box@2x.png in Resources */ = {isa = PBXBuildFile; fileRef = 29EA60A3171B4049002D0666 /* icon-uncheck-box@2x.png */; };
		29EA60AE171B4172002D0666 /* btn-back.png in Resources */ = {isa = PBXBuildFile; fileRef = 29EA60A8171B4171002D0666 /* btn-back.png */; };
		29EA60AF171B4172002D0666 /* btn-back@2x.png in Resources */ = {isa = PBXBuildFile; fileRef = 29EA60A9171B4171002D0666 /* btn-back@2x.png */; };
		29EA60B0171B4172002D0666 /* btn-connect.png in Resources */ = {isa = PBXBuildFile; fileRef = 29EA60AA171B4171002D0666 /* btn-connect.png */; };
		29EA60B1171B4172002D0666 /* btn-connect@2x.png in Resources */ = {isa = PBXBuildFile; fileRef = 29EA60AB171B4172002D0666 /* btn-connect@2x.png */; };
		29EA60B2171B4172002D0666 /* btn-save.png in Resources */ = {isa = PBXBuildFile; fileRef = 29EA60AC171B4172002D0666 /* btn-save.png */; };
		29EA60B3171B4172002D0666 /* btn-save@2x.png in Resources */ = {isa = PBXBuildFile; fileRef = 29EA60AD171B4172002D0666 /* btn-save@2x.png */; };
		29EA60B7171B42B5002D0666 /* SocialHubViewController.m in Sources */ = {isa = PBXBuildFile; fileRef = 29EA60B5171B42B4002D0666 /* SocialHubViewController.m */; };
		29EA60B8171B42B5002D0666 /* SocialHubViewController.xib in Resources */ = {isa = PBXBuildFile; fileRef = 29EA60B6171B42B4002D0666 /* SocialHubViewController.xib */; };
		D9356607171DA0A200F4C910 /* MainMenuViewController.m in Sources */ = {isa = PBXBuildFile; fileRef = D9356605171DA0A200F4C910 /* MainMenuViewController.m */; };
		D9356608171DA0A200F4C910 /* MainMenuViewController.xib in Resources */ = {isa = PBXBuildFile; fileRef = D9356606171DA0A200F4C910 /* MainMenuViewController.xib */; };
		D935660C171DA37B00F4C910 /* LoginViewController.m in Sources */ = {isa = PBXBuildFile; fileRef = D935660A171DA37B00F4C910 /* LoginViewController.m */; };
		D935660D171DA37B00F4C910 /* LoginViewController.xib in Resources */ = {isa = PBXBuildFile; fileRef = D935660B171DA37B00F4C910 /* LoginViewController.xib */; };
		D9356611171DA5AD00F4C910 /* SignUpViewController.m in Sources */ = {isa = PBXBuildFile; fileRef = D935660F171DA5AD00F4C910 /* SignUpViewController.m */; };
		D9356612171DA5AD00F4C910 /* SignUpViewController.xib in Resources */ = {isa = PBXBuildFile; fileRef = D9356610171DA5AD00F4C910 /* SignUpViewController.xib */; };
		D935661A171DAC3200F4C910 /* MBProgressHUD.m in Sources */ = {isa = PBXBuildFile; fileRef = D9356619171DAC3200F4C910 /* MBProgressHUD.m */; };
		D98D5056171DBE2900714359 /* btn-create-profile.png in Resources */ = {isa = PBXBuildFile; fileRef = D98D5052171DBE2800714359 /* btn-create-profile.png */; };
		D98D5057171DBE2900714359 /* btn-create-profile@2x.png in Resources */ = {isa = PBXBuildFile; fileRef = D98D5053171DBE2800714359 /* btn-create-profile@2x.png */; };
		D98D5058171DBE2900714359 /* btn-login.png in Resources */ = {isa = PBXBuildFile; fileRef = D98D5054171DBE2800714359 /* btn-login.png */; };
		D98D5059171DBE2900714359 /* btn-login@2x.png in Resources */ = {isa = PBXBuildFile; fileRef = D98D5055171DBE2900714359 /* btn-login@2x.png */; };
		D98D505C171DC65300714359 /* User.m in Sources */ = {isa = PBXBuildFile; fileRef = D98D505B171DC65100714359 /* User.m */; };
/* End PBXBuildFile section */

/* Begin PBXFileReference section */
		29EA5FEE171B2665002D0666 /* Digitz.app */ = {isa = PBXFileReference; explicitFileType = wrapper.application; includeInIndex = 0; path = Digitz.app; sourceTree = BUILT_PRODUCTS_DIR; };
		29EA5FF2171B2665002D0666 /* UIKit.framework */ = {isa = PBXFileReference; lastKnownFileType = wrapper.framework; name = UIKit.framework; path = System/Library/Frameworks/UIKit.framework; sourceTree = SDKROOT; };
		29EA5FF4171B2665002D0666 /* Foundation.framework */ = {isa = PBXFileReference; lastKnownFileType = wrapper.framework; name = Foundation.framework; path = System/Library/Frameworks/Foundation.framework; sourceTree = SDKROOT; };
		29EA5FF6171B2665002D0666 /* CoreGraphics.framework */ = {isa = PBXFileReference; lastKnownFileType = wrapper.framework; name = CoreGraphics.framework; path = System/Library/Frameworks/CoreGraphics.framework; sourceTree = SDKROOT; };
		29EA5FFA171B2665002D0666 /* Digitz-Info.plist */ = {isa = PBXFileReference; lastKnownFileType = text.plist.xml; path = "Digitz-Info.plist"; sourceTree = "<group>"; };
		29EA5FFC171B2665002D0666 /* en */ = {isa = PBXFileReference; lastKnownFileType = text.plist.strings; name = en; path = en.lproj/InfoPlist.strings; sourceTree = "<group>"; };
		29EA5FFE171B2665002D0666 /* main.m */ = {isa = PBXFileReference; lastKnownFileType = sourcecode.c.objc; path = main.m; sourceTree = "<group>"; };
		29EA6000171B2665002D0666 /* Digitz-Prefix.pch */ = {isa = PBXFileReference; lastKnownFileType = sourcecode.c.h; path = "Digitz-Prefix.pch"; sourceTree = "<group>"; };
		29EA6001171B2665002D0666 /* AppDelegate.h */ = {isa = PBXFileReference; lastKnownFileType = sourcecode.c.h; path = AppDelegate.h; sourceTree = "<group>"; };
		29EA6002171B2665002D0666 /* AppDelegate.m */ = {isa = PBXFileReference; lastKnownFileType = sourcecode.c.objc; path = AppDelegate.m; sourceTree = "<group>"; };
		29EA6004171B2665002D0666 /* Default.png */ = {isa = PBXFileReference; lastKnownFileType = image.png; path = Default.png; sourceTree = "<group>"; };
		29EA6006171B2665002D0666 /* Default@2x.png */ = {isa = PBXFileReference; lastKnownFileType = image.png; path = "Default@2x.png"; sourceTree = "<group>"; };
		29EA6008171B2665002D0666 /* Default-568h@2x.png */ = {isa = PBXFileReference; lastKnownFileType = image.png; path = "Default-568h@2x.png"; sourceTree = "<group>"; };
		29EA6010171B26D2002D0666 /* bg-dark.png */ = {isa = PBXFileReference; lastKnownFileType = image.png; path = "bg-dark.png"; sourceTree = "<group>"; };
		29EA6011171B26D2002D0666 /* bg-dark@2x.png */ = {isa = PBXFileReference; lastKnownFileType = image.png; path = "bg-dark@2x.png"; sourceTree = "<group>"; };
		29EA6012171B26D2002D0666 /* bg-icon-fb.png */ = {isa = PBXFileReference; lastKnownFileType = image.png; path = "bg-icon-fb.png"; sourceTree = "<group>"; };
		29EA6013171B26D2002D0666 /* bg-icon-fb@2x.png */ = {isa = PBXFileReference; lastKnownFileType = image.png; path = "bg-icon-fb@2x.png"; sourceTree = "<group>"; };
		29EA6014171B26D2002D0666 /* bg-icon-google.png */ = {isa = PBXFileReference; lastKnownFileType = image.png; path = "bg-icon-google.png"; sourceTree = "<group>"; };
		29EA6015171B26D2002D0666 /* bg-icon-google@2x.png */ = {isa = PBXFileReference; lastKnownFileType = image.png; path = "bg-icon-google@2x.png"; sourceTree = "<group>"; };
		29EA6016171B26D2002D0666 /* bg-icon-ins.png */ = {isa = PBXFileReference; lastKnownFileType = image.png; path = "bg-icon-ins.png"; sourceTree = "<group>"; };
		29EA6017171B26D2002D0666 /* bg-icon-ins@2x.png */ = {isa = PBXFileReference; lastKnownFileType = image.png; path = "bg-icon-ins@2x.png"; sourceTree = "<group>"; };
		29EA6018171B26D2002D0666 /* bg-icon-lnk.png */ = {isa = PBXFileReference; lastKnownFileType = image.png; path = "bg-icon-lnk.png"; sourceTree = "<group>"; };
		29EA6019171B26D2002D0666 /* bg-icon-lnk@2x.png */ = {isa = PBXFileReference; lastKnownFileType = image.png; path = "bg-icon-lnk@2x.png"; sourceTree = "<group>"; };
		29EA601A171B26D2002D0666 /* bg-icon-tw.png */ = {isa = PBXFileReference; lastKnownFileType = image.png; path = "bg-icon-tw.png"; sourceTree = "<group>"; };
		29EA601B171B26D2002D0666 /* bg-icon-tw@2x.png */ = {isa = PBXFileReference; lastKnownFileType = image.png; path = "bg-icon-tw@2x.png"; sourceTree = "<group>"; };
		29EA601C171B26D2002D0666 /* btn-submit.png */ = {isa = PBXFileReference; lastKnownFileType = image.png; path = "btn-submit.png"; sourceTree = "<group>"; };
		29EA601D171B26D2002D0666 /* btn-submit@2x.png */ = {isa = PBXFileReference; lastKnownFileType = image.png; path = "btn-submit@2x.png"; sourceTree = "<group>"; };
		29EA601E171B26D2002D0666 /* divider-grey.png */ = {isa = PBXFileReference; lastKnownFileType = image.png; path = "divider-grey.png"; sourceTree = "<group>"; };
		29EA601F171B26D2002D0666 /* divider-grey@2x.png */ = {isa = PBXFileReference; lastKnownFileType = image.png; path = "divider-grey@2x.png"; sourceTree = "<group>"; };
		29EA6020171B26D2002D0666 /* icon-arrow.png */ = {isa = PBXFileReference; lastKnownFileType = image.png; path = "icon-arrow.png"; sourceTree = "<group>"; };
		29EA6021171B26D2002D0666 /* icon-arrow@2x.png */ = {isa = PBXFileReference; lastKnownFileType = image.png; path = "icon-arrow@2x.png"; sourceTree = "<group>"; };
		29EA6022171B26D2002D0666 /* line-black.png */ = {isa = PBXFileReference; lastKnownFileType = image.png; path = "line-black.png"; sourceTree = "<group>"; };
		29EA6023171B26D2002D0666 /* line-black@2x.png */ = {isa = PBXFileReference; lastKnownFileType = image.png; path = "line-black@2x.png"; sourceTree = "<group>"; };
		29EA6038171B2706002D0666 /* RootViewController.h */ = {isa = PBXFileReference; fileEncoding = 4; lastKnownFileType = sourcecode.c.h; path = RootViewController.h; sourceTree = "<group>"; };
		29EA6039171B2706002D0666 /* RootViewController.m */ = {isa = PBXFileReference; fileEncoding = 4; lastKnownFileType = sourcecode.c.objc; path = RootViewController.m; sourceTree = "<group>"; };
		29EA6049171B2D01002D0666 /* 18909_HelveticaLt.ttf */ = {isa = PBXFileReference; lastKnownFileType = file; path = 18909_HelveticaLt.ttf; sourceTree = "<group>"; };
		29EA604A171B2D01002D0666 /* 18923_HelveticaNeueHv.ttf */ = {isa = PBXFileReference; lastKnownFileType = file; path = 18923_HelveticaNeueHv.ttf; sourceTree = "<group>"; };
		29EA604B171B2D01002D0666 /* 19693_HVBL____.ttf */ = {isa = PBXFileReference; lastKnownFileType = file; path = "19693_HVBL____.ttf"; sourceTree = "<group>"; };
		29EA6068171B3947002D0666 /* AFHTTPClient.h */ = {isa = PBXFileReference; fileEncoding = 4; lastKnownFileType = sourcecode.c.h; path = AFHTTPClient.h; sourceTree = "<group>"; };
		29EA6069171B3947002D0666 /* AFHTTPClient.m */ = {isa = PBXFileReference; fileEncoding = 4; lastKnownFileType = sourcecode.c.objc; path = AFHTTPClient.m; sourceTree = "<group>"; };
		29EA606A171B3947002D0666 /* AFHTTPRequestOperation.h */ = {isa = PBXFileReference; fileEncoding = 4; lastKnownFileType = sourcecode.c.h; path = AFHTTPRequestOperation.h; sourceTree = "<group>"; };
		29EA606B171B3947002D0666 /* AFHTTPRequestOperation.m */ = {isa = PBXFileReference; fileEncoding = 4; lastKnownFileType = sourcecode.c.objc; path = AFHTTPRequestOperation.m; sourceTree = "<group>"; };
		29EA606C171B3947002D0666 /* AFImageRequestOperation.h */ = {isa = PBXFileReference; fileEncoding = 4; lastKnownFileType = sourcecode.c.h; path = AFImageRequestOperation.h; sourceTree = "<group>"; };
		29EA606D171B3947002D0666 /* AFImageRequestOperation.m */ = {isa = PBXFileReference; fileEncoding = 4; lastKnownFileType = sourcecode.c.objc; path = AFImageRequestOperation.m; sourceTree = "<group>"; };
		29EA606E171B3947002D0666 /* AFJSONRequestOperation.h */ = {isa = PBXFileReference; fileEncoding = 4; lastKnownFileType = sourcecode.c.h; path = AFJSONRequestOperation.h; sourceTree = "<group>"; };
		29EA606F171B3947002D0666 /* AFJSONRequestOperation.m */ = {isa = PBXFileReference; fileEncoding = 4; lastKnownFileType = sourcecode.c.objc; path = AFJSONRequestOperation.m; sourceTree = "<group>"; };
		29EA6070171B3947002D0666 /* AFNetworkActivityIndicatorManager.h */ = {isa = PBXFileReference; fileEncoding = 4; lastKnownFileType = sourcecode.c.h; path = AFNetworkActivityIndicatorManager.h; sourceTree = "<group>"; };
		29EA6071171B3947002D0666 /* AFNetworkActivityIndicatorManager.m */ = {isa = PBXFileReference; fileEncoding = 4; lastKnownFileType = sourcecode.c.objc; path = AFNetworkActivityIndicatorManager.m; sourceTree = "<group>"; };
		29EA6072171B3947002D0666 /* AFNetworking.h */ = {isa = PBXFileReference; fileEncoding = 4; lastKnownFileType = sourcecode.c.h; path = AFNetworking.h; sourceTree = "<group>"; };
		29EA6073171B3947002D0666 /* AFPropertyListRequestOperation.h */ = {isa = PBXFileReference; fileEncoding = 4; lastKnownFileType = sourcecode.c.h; path = AFPropertyListRequestOperation.h; sourceTree = "<group>"; };
		29EA6074171B3947002D0666 /* AFPropertyListRequestOperation.m */ = {isa = PBXFileReference; fileEncoding = 4; lastKnownFileType = sourcecode.c.objc; path = AFPropertyListRequestOperation.m; sourceTree = "<group>"; };
		29EA6075171B3947002D0666 /* AFURLConnectionOperation.h */ = {isa = PBXFileReference; fileEncoding = 4; lastKnownFileType = sourcecode.c.h; path = AFURLConnectionOperation.h; sourceTree = "<group>"; };
		29EA6076171B3947002D0666 /* AFURLConnectionOperation.m */ = {isa = PBXFileReference; fileEncoding = 4; lastKnownFileType = sourcecode.c.objc; path = AFURLConnectionOperation.m; sourceTree = "<group>"; };
		29EA6077171B3947002D0666 /* AFXMLRequestOperation.h */ = {isa = PBXFileReference; fileEncoding = 4; lastKnownFileType = sourcecode.c.h; path = AFXMLRequestOperation.h; sourceTree = "<group>"; };
		29EA6078171B3947002D0666 /* AFXMLRequestOperation.m */ = {isa = PBXFileReference; fileEncoding = 4; lastKnownFileType = sourcecode.c.objc; path = AFXMLRequestOperation.m; sourceTree = "<group>"; };
		29EA6079171B3947002D0666 /* UIImageView+AFNetworking.h */ = {isa = PBXFileReference; fileEncoding = 4; lastKnownFileType = sourcecode.c.h; path = "UIImageView+AFNetworking.h"; sourceTree = "<group>"; };
		29EA607A171B3947002D0666 /* UIImageView+AFNetworking.m */ = {isa = PBXFileReference; fileEncoding = 4; lastKnownFileType = sourcecode.c.objc; path = "UIImageView+AFNetworking.m"; sourceTree = "<group>"; };
		29EA607C171B3947002D0666 /* ServerManager.h */ = {isa = PBXFileReference; fileEncoding = 4; lastKnownFileType = sourcecode.c.h; path = ServerManager.h; sourceTree = "<group>"; };
		29EA607D171B3947002D0666 /* ServerManager.m */ = {isa = PBXFileReference; fileEncoding = 4; lastKnownFileType = sourcecode.c.objc; path = ServerManager.m; sourceTree = "<group>"; };
		29EA608E171B3A04002D0666 /* EnterYourDigitzViewController.m */ = {isa = PBXFileReference; fileEncoding = 4; lastKnownFileType = sourcecode.c.objc; path = EnterYourDigitzViewController.m; sourceTree = "<group>"; };
		29EA608F171B3A04002D0666 /* PersonalInformationViewController.m */ = {isa = PBXFileReference; fileEncoding = 4; lastKnownFileType = sourcecode.c.objc; path = PersonalInformationViewController.m; sourceTree = "<group>"; };
		29EA6090171B3A04002D0666 /* EnterYourDigitzViewController.xib */ = {isa = PBXFileReference; fileEncoding = 4; lastKnownFileType = file.xib; path = EnterYourDigitzViewController.xib; sourceTree = "<group>"; };
		29EA6091171B3A04002D0666 /* PersonalInformationViewController.xib */ = {isa = PBXFileReference; fileEncoding = 4; lastKnownFileType = file.xib; path = PersonalInformationViewController.xib; sourceTree = "<group>"; };
		29EA6092171B3A04002D0666 /* EnterYourDigitzViewController.h */ = {isa = PBXFileReference; fileEncoding = 4; lastKnownFileType = sourcecode.c.h; path = EnterYourDigitzViewController.h; sourceTree = "<group>"; };
		29EA6093171B3A04002D0666 /* PersonalInformationViewController.h */ = {isa = PBXFileReference; fileEncoding = 4; lastKnownFileType = sourcecode.c.h; path = PersonalInformationViewController.h; sourceTree = "<group>"; };
		29EA6098171B3ECA002D0666 /* bg-box-2-rows.png */ = {isa = PBXFileReference; lastKnownFileType = image.png; path = "bg-box-2-rows.png"; sourceTree = "<group>"; };
		29EA6099171B3ECA002D0666 /* bg-box-2-rows@2x.png */ = {isa = PBXFileReference; lastKnownFileType = image.png; path = "bg-box-2-rows@2x.png"; sourceTree = "<group>"; };
		29EA609A171B3ECA002D0666 /* bg-box-6-rows.png */ = {isa = PBXFileReference; lastKnownFileType = image.png; path = "bg-box-6-rows.png"; sourceTree = "<group>"; };
		29EA609B171B3ECA002D0666 /* bg-box-6-rows@2x.png */ = {isa = PBXFileReference; lastKnownFileType = image.png; path = "bg-box-6-rows@2x.png"; sourceTree = "<group>"; };
		29EA60A0171B4049002D0666 /* icon-check-box.png */ = {isa = PBXFileReference; lastKnownFileType = image.png; path = "icon-check-box.png"; sourceTree = "<group>"; };
		29EA60A1171B4049002D0666 /* icon-check-box@2x.png */ = {isa = PBXFileReference; lastKnownFileType = image.png; path = "icon-check-box@2x.png"; sourceTree = "<group>"; };
		29EA60A2171B4049002D0666 /* icon-uncheck-box.png */ = {isa = PBXFileReference; lastKnownFileType = image.png; path = "icon-uncheck-box.png"; sourceTree = "<group>"; };
		29EA60A3171B4049002D0666 /* icon-uncheck-box@2x.png */ = {isa = PBXFileReference; lastKnownFileType = image.png; path = "icon-uncheck-box@2x.png"; sourceTree = "<group>"; };
		29EA60A8171B4171002D0666 /* btn-back.png */ = {isa = PBXFileReference; lastKnownFileType = image.png; path = "btn-back.png"; sourceTree = "<group>"; };
		29EA60A9171B4171002D0666 /* btn-back@2x.png */ = {isa = PBXFileReference; lastKnownFileType = image.png; path = "btn-back@2x.png"; sourceTree = "<group>"; };
		29EA60AA171B4171002D0666 /* btn-connect.png */ = {isa = PBXFileReference; lastKnownFileType = image.png; path = "btn-connect.png"; sourceTree = "<group>"; };
		29EA60AB171B4172002D0666 /* btn-connect@2x.png */ = {isa = PBXFileReference; lastKnownFileType = image.png; path = "btn-connect@2x.png"; sourceTree = "<group>"; };
		29EA60AC171B4172002D0666 /* btn-save.png */ = {isa = PBXFileReference; lastKnownFileType = image.png; path = "btn-save.png"; sourceTree = "<group>"; };
		29EA60AD171B4172002D0666 /* btn-save@2x.png */ = {isa = PBXFileReference; lastKnownFileType = image.png; path = "btn-save@2x.png"; sourceTree = "<group>"; };
		29EA60B4171B42B4002D0666 /* SocialHubViewController.h */ = {isa = PBXFileReference; fileEncoding = 4; lastKnownFileType = sourcecode.c.h; path = SocialHubViewController.h; sourceTree = "<group>"; };
		29EA60B5171B42B4002D0666 /* SocialHubViewController.m */ = {isa = PBXFileReference; fileEncoding = 4; lastKnownFileType = sourcecode.c.objc; path = SocialHubViewController.m; sourceTree = "<group>"; };
		29EA60B6171B42B4002D0666 /* SocialHubViewController.xib */ = {isa = PBXFileReference; fileEncoding = 4; lastKnownFileType = file.xib; path = SocialHubViewController.xib; sourceTree = "<group>"; };
		D9356604171DA0A100F4C910 /* MainMenuViewController.h */ = {isa = PBXFileReference; fileEncoding = 4; lastKnownFileType = sourcecode.c.h; path = MainMenuViewController.h; sourceTree = "<group>"; };
		D9356605171DA0A200F4C910 /* MainMenuViewController.m */ = {isa = PBXFileReference; fileEncoding = 4; lastKnownFileType = sourcecode.c.objc; path = MainMenuViewController.m; sourceTree = "<group>"; };
		D9356606171DA0A200F4C910 /* MainMenuViewController.xib */ = {isa = PBXFileReference; fileEncoding = 4; lastKnownFileType = file.xib; path = MainMenuViewController.xib; sourceTree = "<group>"; };
		D9356609171DA37B00F4C910 /* LoginViewController.h */ = {isa = PBXFileReference; fileEncoding = 4; lastKnownFileType = sourcecode.c.h; path = LoginViewController.h; sourceTree = "<group>"; };
		D935660A171DA37B00F4C910 /* LoginViewController.m */ = {isa = PBXFileReference; fileEncoding = 4; lastKnownFileType = sourcecode.c.objc; path = LoginViewController.m; sourceTree = "<group>"; };
		D935660B171DA37B00F4C910 /* LoginViewController.xib */ = {isa = PBXFileReference; fileEncoding = 4; lastKnownFileType = file.xib; path = LoginViewController.xib; sourceTree = "<group>"; };
		D935660E171DA5AD00F4C910 /* SignUpViewController.h */ = {isa = PBXFileReference; fileEncoding = 4; lastKnownFileType = sourcecode.c.h; path = SignUpViewController.h; sourceTree = "<group>"; };
		D935660F171DA5AD00F4C910 /* SignUpViewController.m */ = {isa = PBXFileReference; fileEncoding = 4; lastKnownFileType = sourcecode.c.objc; path = SignUpViewController.m; sourceTree = "<group>"; };
		D9356610171DA5AD00F4C910 /* SignUpViewController.xib */ = {isa = PBXFileReference; fileEncoding = 4; lastKnownFileType = file.xib; path = SignUpViewController.xib; sourceTree = "<group>"; };
		D9356618171DAC3200F4C910 /* MBProgressHUD.h */ = {isa = PBXFileReference; fileEncoding = 4; lastKnownFileType = sourcecode.c.h; path = MBProgressHUD.h; sourceTree = "<group>"; };
		D9356619171DAC3200F4C910 /* MBProgressHUD.m */ = {isa = PBXFileReference; fileEncoding = 4; lastKnownFileType = sourcecode.c.objc; path = MBProgressHUD.m; sourceTree = "<group>"; };
		D98D5052171DBE2800714359 /* btn-create-profile.png */ = {isa = PBXFileReference; lastKnownFileType = image.png; path = "btn-create-profile.png"; sourceTree = "<group>"; };
		D98D5053171DBE2800714359 /* btn-create-profile@2x.png */ = {isa = PBXFileReference; lastKnownFileType = image.png; path = "btn-create-profile@2x.png"; sourceTree = "<group>"; };
		D98D5054171DBE2800714359 /* btn-login.png */ = {isa = PBXFileReference; lastKnownFileType = image.png; path = "btn-login.png"; sourceTree = "<group>"; };
		D98D5055171DBE2900714359 /* btn-login@2x.png */ = {isa = PBXFileReference; lastKnownFileType = image.png; path = "btn-login@2x.png"; sourceTree = "<group>"; };
		D98D505A171DC64F00714359 /* User.h */ = {isa = PBXFileReference; fileEncoding = 4; lastKnownFileType = sourcecode.c.h; path = User.h; sourceTree = "<group>"; };
		D98D505B171DC65100714359 /* User.m */ = {isa = PBXFileReference; fileEncoding = 4; lastKnownFileType = sourcecode.c.objc; path = User.m; sourceTree = "<group>"; };
/* End PBXFileReference section */

/* Begin PBXFrameworksBuildPhase section */
		29EA5FEB171B2665002D0666 /* Frameworks */ = {
			isa = PBXFrameworksBuildPhase;
			buildActionMask = 2147483647;
			files = (
				29EA5FF3171B2665002D0666 /* UIKit.framework in Frameworks */,
				29EA5FF5171B2665002D0666 /* Foundation.framework in Frameworks */,
				29EA5FF7171B2665002D0666 /* CoreGraphics.framework in Frameworks */,
			);
			runOnlyForDeploymentPostprocessing = 0;
		};
/* End PBXFrameworksBuildPhase section */

/* Begin PBXGroup section */
		29EA5FE3171B2664002D0666 = {
			isa = PBXGroup;
			children = (
				29EA5FF8171B2665002D0666 /* Digitz */,
				29EA5FF1171B2665002D0666 /* Frameworks */,
				29EA5FEF171B2665002D0666 /* Products */,
			);
			sourceTree = "<group>";
		};
		29EA5FEF171B2665002D0666 /* Products */ = {
			isa = PBXGroup;
			children = (
				29EA5FEE171B2665002D0666 /* Digitz.app */,
			);
			name = Products;
			sourceTree = "<group>";
		};
		29EA5FF1171B2665002D0666 /* Frameworks */ = {
			isa = PBXGroup;
			children = (
				29EA5FF2171B2665002D0666 /* UIKit.framework */,
				29EA5FF4171B2665002D0666 /* Foundation.framework */,
				29EA5FF6171B2665002D0666 /* CoreGraphics.framework */,
			);
			name = Frameworks;
			sourceTree = "<group>";
		};
		29EA5FF8171B2665002D0666 /* Digitz */ = {
			isa = PBXGroup;
			children = (
				29EA608D171B39CE002D0666 /* ViewControllers */,
				29EA6066171B3947002D0666 /* Lib */,
				29EA600F171B26BE002D0666 /* Images */,
				29EA5FF9171B2665002D0666 /* Supporting Files */,
				29EA6001171B2665002D0666 /* AppDelegate.h */,
				29EA6002171B2665002D0666 /* AppDelegate.m */,
				29EA6038171B2706002D0666 /* RootViewController.h */,
				29EA6039171B2706002D0666 /* RootViewController.m */,
				D98D505A171DC64F00714359 /* User.h */,
				D98D505B171DC65100714359 /* User.m */,
			);
			path = Digitz;
			sourceTree = "<group>";
		};
		29EA5FF9171B2665002D0666 /* Supporting Files */ = {
			isa = PBXGroup;
			children = (
				29EA6048171B2D01002D0666 /* Font */,
				29EA5FFA171B2665002D0666 /* Digitz-Info.plist */,
				29EA5FFB171B2665002D0666 /* InfoPlist.strings */,
				29EA5FFE171B2665002D0666 /* main.m */,
				29EA6000171B2665002D0666 /* Digitz-Prefix.pch */,
				29EA6004171B2665002D0666 /* Default.png */,
				29EA6006171B2665002D0666 /* Default@2x.png */,
				29EA6008171B2665002D0666 /* Default-568h@2x.png */,
			);
			name = "Supporting Files";
			sourceTree = "<group>";
		};
		29EA600F171B26BE002D0666 /* Images */ = {
			isa = PBXGroup;
			children = (
				D98D5052171DBE2800714359 /* btn-create-profile.png */,
				D98D5053171DBE2800714359 /* btn-create-profile@2x.png */,
				D98D5054171DBE2800714359 /* btn-login.png */,
				D98D5055171DBE2900714359 /* btn-login@2x.png */,
				29EA60A8171B4171002D0666 /* btn-back.png */,
				29EA60A9171B4171002D0666 /* btn-back@2x.png */,
				29EA60AA171B4171002D0666 /* btn-connect.png */,
				29EA60AB171B4172002D0666 /* btn-connect@2x.png */,
				29EA60AC171B4172002D0666 /* btn-save.png */,
				29EA60AD171B4172002D0666 /* btn-save@2x.png */,
				29EA60A0171B4049002D0666 /* icon-check-box.png */,
				29EA60A1171B4049002D0666 /* icon-check-box@2x.png */,
				29EA60A2171B4049002D0666 /* icon-uncheck-box.png */,
				29EA60A3171B4049002D0666 /* icon-uncheck-box@2x.png */,
				29EA6098171B3ECA002D0666 /* bg-box-2-rows.png */,
				29EA6099171B3ECA002D0666 /* bg-box-2-rows@2x.png */,
				29EA609A171B3ECA002D0666 /* bg-box-6-rows.png */,
				29EA609B171B3ECA002D0666 /* bg-box-6-rows@2x.png */,
				29EA6010171B26D2002D0666 /* bg-dark.png */,
				29EA6011171B26D2002D0666 /* bg-dark@2x.png */,
				29EA6012171B26D2002D0666 /* bg-icon-fb.png */,
				29EA6013171B26D2002D0666 /* bg-icon-fb@2x.png */,
				29EA6014171B26D2002D0666 /* bg-icon-google.png */,
				29EA6015171B26D2002D0666 /* bg-icon-google@2x.png */,
				29EA6016171B26D2002D0666 /* bg-icon-ins.png */,
				29EA6017171B26D2002D0666 /* bg-icon-ins@2x.png */,
				29EA6018171B26D2002D0666 /* bg-icon-lnk.png */,
				29EA6019171B26D2002D0666 /* bg-icon-lnk@2x.png */,
				29EA601A171B26D2002D0666 /* bg-icon-tw.png */,
				29EA601B171B26D2002D0666 /* bg-icon-tw@2x.png */,
				29EA601C171B26D2002D0666 /* btn-submit.png */,
				29EA601D171B26D2002D0666 /* btn-submit@2x.png */,
				29EA601E171B26D2002D0666 /* divider-grey.png */,
				29EA601F171B26D2002D0666 /* divider-grey@2x.png */,
				29EA6020171B26D2002D0666 /* icon-arrow.png */,
				29EA6021171B26D2002D0666 /* icon-arrow@2x.png */,
				29EA6022171B26D2002D0666 /* line-black.png */,
				29EA6023171B26D2002D0666 /* line-black@2x.png */,
			);
			path = Images;
			sourceTree = "<group>";
		};
		29EA6048171B2D01002D0666 /* Font */ = {
			isa = PBXGroup;
			children = (
				29EA6049171B2D01002D0666 /* 18909_HelveticaLt.ttf */,
				29EA604A171B2D01002D0666 /* 18923_HelveticaNeueHv.ttf */,
				29EA604B171B2D01002D0666 /* 19693_HVBL____.ttf */,
			);
			path = Font;
			sourceTree = "<group>";
		};
		29EA6066171B3947002D0666 /* Lib */ = {
			isa = PBXGroup;
			children = (
				29EA607B171B3947002D0666 /* ServerManager */,
				D9356617171DAC1C00F4C910 /* MBProgressHUD */,
				29EA6067171B3947002D0666 /* AFNetworking */,
			);
			path = Lib;
			sourceTree = "<group>";
		};
		29EA6067171B3947002D0666 /* AFNetworking */ = {
			isa = PBXGroup;
			children = (
				29EA6068171B3947002D0666 /* AFHTTPClient.h */,
				29EA6069171B3947002D0666 /* AFHTTPClient.m */,
				29EA606A171B3947002D0666 /* AFHTTPRequestOperation.h */,
				29EA606B171B3947002D0666 /* AFHTTPRequestOperation.m */,
				29EA606C171B3947002D0666 /* AFImageRequestOperation.h */,
				29EA606D171B3947002D0666 /* AFImageRequestOperation.m */,
				29EA606E171B3947002D0666 /* AFJSONRequestOperation.h */,
				29EA606F171B3947002D0666 /* AFJSONRequestOperation.m */,
				29EA6070171B3947002D0666 /* AFNetworkActivityIndicatorManager.h */,
				29EA6071171B3947002D0666 /* AFNetworkActivityIndicatorManager.m */,
				29EA6072171B3947002D0666 /* AFNetworking.h */,
				29EA6073171B3947002D0666 /* AFPropertyListRequestOperation.h */,
				29EA6074171B3947002D0666 /* AFPropertyListRequestOperation.m */,
				29EA6075171B3947002D0666 /* AFURLConnectionOperation.h */,
				29EA6076171B3947002D0666 /* AFURLConnectionOperation.m */,
				29EA6077171B3947002D0666 /* AFXMLRequestOperation.h */,
				29EA6078171B3947002D0666 /* AFXMLRequestOperation.m */,
				29EA6079171B3947002D0666 /* UIImageView+AFNetworking.h */,
				29EA607A171B3947002D0666 /* UIImageView+AFNetworking.m */,
			);
			path = AFNetworking;
			sourceTree = "<group>";
		};
		29EA607B171B3947002D0666 /* ServerManager */ = {
			isa = PBXGroup;
			children = (
				29EA607C171B3947002D0666 /* ServerManager.h */,
				29EA607D171B3947002D0666 /* ServerManager.m */,
			);
			name = ServerManager;
			path = ../ServerManager;
			sourceTree = "<group>";
		};
		29EA608D171B39CE002D0666 /* ViewControllers */ = {
			isa = PBXGroup;
			children = (
				29EA6092171B3A04002D0666 /* EnterYourDigitzViewController.h */,
				29EA608E171B3A04002D0666 /* EnterYourDigitzViewController.m */,
				29EA6090171B3A04002D0666 /* EnterYourDigitzViewController.xib */,
				29EA6093171B3A04002D0666 /* PersonalInformationViewController.h */,
				29EA608F171B3A04002D0666 /* PersonalInformationViewController.m */,
				29EA6091171B3A04002D0666 /* PersonalInformationViewController.xib */,
				29EA60B4171B42B4002D0666 /* SocialHubViewController.h */,
				29EA60B5171B42B4002D0666 /* SocialHubViewController.m */,
				29EA60B6171B42B4002D0666 /* SocialHubViewController.xib */,
				D9356604171DA0A100F4C910 /* MainMenuViewController.h */,
				D9356605171DA0A200F4C910 /* MainMenuViewController.m */,
				D9356606171DA0A200F4C910 /* MainMenuViewController.xib */,
				D9356609171DA37B00F4C910 /* LoginViewController.h */,
				D935660A171DA37B00F4C910 /* LoginViewController.m */,
				D935660B171DA37B00F4C910 /* LoginViewController.xib */,
				D935660E171DA5AD00F4C910 /* SignUpViewController.h */,
				D935660F171DA5AD00F4C910 /* SignUpViewController.m */,
				D9356610171DA5AD00F4C910 /* SignUpViewController.xib */,
			);
			path = ViewControllers;
			sourceTree = "<group>";
		};
		D9356617171DAC1C00F4C910 /* MBProgressHUD */ = {
			isa = PBXGroup;
			children = (
				D9356618171DAC3200F4C910 /* MBProgressHUD.h */,
				D9356619171DAC3200F4C910 /* MBProgressHUD.m */,
			);
			name = MBProgressHUD;
			sourceTree = "<group>";
		};
/* End PBXGroup section */

/* Begin PBXNativeTarget section */
		29EA5FED171B2665002D0666 /* Digitz */ = {
			isa = PBXNativeTarget;
			buildConfigurationList = 29EA600C171B2665002D0666 /* Build configuration list for PBXNativeTarget "Digitz" */;
			buildPhases = (
				29EA5FEA171B2665002D0666 /* Sources */,
				29EA5FEB171B2665002D0666 /* Frameworks */,
				29EA5FEC171B2665002D0666 /* Resources */,
			);
			buildRules = (
			);
			dependencies = (
			);
			name = Digitz;
			productName = Digitz;
			productReference = 29EA5FEE171B2665002D0666 /* Digitz.app */;
			productType = "com.apple.product-type.application";
		};
/* End PBXNativeTarget section */

/* Begin PBXProject section */
		29EA5FE5171B2665002D0666 /* Project object */ = {
			isa = PBXProject;
			attributes = {
				LastUpgradeCheck = 0450;
				ORGANIZATIONNAME = N2Corp;
			};
			buildConfigurationList = 29EA5FE8171B2665002D0666 /* Build configuration list for PBXProject "Digitz" */;
			compatibilityVersion = "Xcode 3.2";
			developmentRegion = English;
			hasScannedForEncodings = 0;
			knownRegions = (
				en,
			);
			mainGroup = 29EA5FE3171B2664002D0666;
			productRefGroup = 29EA5FEF171B2665002D0666 /* Products */;
			projectDirPath = "";
			projectRoot = "";
			targets = (
				29EA5FED171B2665002D0666 /* Digitz */,
			);
		};
/* End PBXProject section */

/* Begin PBXResourcesBuildPhase section */
		29EA5FEC171B2665002D0666 /* Resources */ = {
			isa = PBXResourcesBuildPhase;
			buildActionMask = 2147483647;
			files = (
				29EA5FFD171B2665002D0666 /* InfoPlist.strings in Resources */,
				29EA6005171B2665002D0666 /* Default.png in Resources */,
				29EA6007171B2665002D0666 /* Default@2x.png in Resources */,
				29EA6009171B2665002D0666 /* Default-568h@2x.png in Resources */,
				29EA6024171B26D2002D0666 /* bg-dark.png in Resources */,
				29EA6025171B26D2002D0666 /* bg-dark@2x.png in Resources */,
				29EA6026171B26D2002D0666 /* bg-icon-fb.png in Resources */,
				29EA6027171B26D2002D0666 /* bg-icon-fb@2x.png in Resources */,
				29EA6028171B26D2002D0666 /* bg-icon-google.png in Resources */,
				29EA6029171B26D2002D0666 /* bg-icon-google@2x.png in Resources */,
				29EA602A171B26D2002D0666 /* bg-icon-ins.png in Resources */,
				29EA602B171B26D2002D0666 /* bg-icon-ins@2x.png in Resources */,
				29EA602C171B26D2002D0666 /* bg-icon-lnk.png in Resources */,
				29EA602D171B26D2002D0666 /* bg-icon-lnk@2x.png in Resources */,
				29EA602E171B26D2002D0666 /* bg-icon-tw.png in Resources */,
				29EA602F171B26D2002D0666 /* bg-icon-tw@2x.png in Resources */,
				29EA6030171B26D2002D0666 /* btn-submit.png in Resources */,
				29EA6031171B26D2002D0666 /* btn-submit@2x.png in Resources */,
				29EA6032171B26D2002D0666 /* divider-grey.png in Resources */,
				29EA6033171B26D2002D0666 /* divider-grey@2x.png in Resources */,
				29EA6034171B26D2002D0666 /* icon-arrow.png in Resources */,
				29EA6035171B26D2002D0666 /* icon-arrow@2x.png in Resources */,
				29EA6036171B26D2002D0666 /* line-black.png in Resources */,
				29EA6037171B26D2002D0666 /* line-black@2x.png in Resources */,
				29EA604C171B2D01002D0666 /* 18909_HelveticaLt.ttf in Resources */,
				29EA604D171B2D01002D0666 /* 18923_HelveticaNeueHv.ttf in Resources */,
				29EA604E171B2D01002D0666 /* 19693_HVBL____.ttf in Resources */,
				29EA6096171B3A04002D0666 /* EnterYourDigitzViewController.xib in Resources */,
				29EA6097171B3A04002D0666 /* PersonalInformationViewController.xib in Resources */,
				29EA609C171B3ECA002D0666 /* bg-box-2-rows.png in Resources */,
				29EA609D171B3ECA002D0666 /* bg-box-2-rows@2x.png in Resources */,
				29EA609E171B3ECA002D0666 /* bg-box-6-rows.png in Resources */,
				29EA609F171B3ECA002D0666 /* bg-box-6-rows@2x.png in Resources */,
				29EA60A4171B4049002D0666 /* icon-check-box.png in Resources */,
				29EA60A5171B4049002D0666 /* icon-check-box@2x.png in Resources */,
				29EA60A6171B4049002D0666 /* icon-uncheck-box.png in Resources */,
				29EA60A7171B4049002D0666 /* icon-uncheck-box@2x.png in Resources */,
				29EA60AE171B4172002D0666 /* btn-back.png in Resources */,
				29EA60AF171B4172002D0666 /* btn-back@2x.png in Resources */,
				29EA60B0171B4172002D0666 /* btn-connect.png in Resources */,
				29EA60B1171B4172002D0666 /* btn-connect@2x.png in Resources */,
				29EA60B2171B4172002D0666 /* btn-save.png in Resources */,
				29EA60B3171B4172002D0666 /* btn-save@2x.png in Resources */,
				29EA60B8171B42B5002D0666 /* SocialHubViewController.xib in Resources */,
				D9356608171DA0A200F4C910 /* MainMenuViewController.xib in Resources */,
				D935660D171DA37B00F4C910 /* LoginViewController.xib in Resources */,
				D9356612171DA5AD00F4C910 /* SignUpViewController.xib in Resources */,
				D98D5056171DBE2900714359 /* btn-create-profile.png in Resources */,
				D98D5057171DBE2900714359 /* btn-create-profile@2x.png in Resources */,
				D98D5058171DBE2900714359 /* btn-login.png in Resources */,
				D98D5059171DBE2900714359 /* btn-login@2x.png in Resources */,
			);
			runOnlyForDeploymentPostprocessing = 0;
		};
/* End PBXResourcesBuildPhase section */

/* Begin PBXSourcesBuildPhase section */
		29EA5FEA171B2665002D0666 /* Sources */ = {
			isa = PBXSourcesBuildPhase;
			buildActionMask = 2147483647;
			files = (
				29EA5FFF171B2665002D0666 /* main.m in Sources */,
				29EA6003171B2665002D0666 /* AppDelegate.m in Sources */,
				29EA603A171B2706002D0666 /* RootViewController.m in Sources */,
				29EA607E171B3947002D0666 /* AFHTTPClient.m in Sources */,
				29EA607F171B3947002D0666 /* AFHTTPRequestOperation.m in Sources */,
				29EA6080171B3947002D0666 /* AFImageRequestOperation.m in Sources */,
				29EA6081171B3947002D0666 /* AFJSONRequestOperation.m in Sources */,
				29EA6082171B3947002D0666 /* AFNetworkActivityIndicatorManager.m in Sources */,
				29EA6083171B3947002D0666 /* AFPropertyListRequestOperation.m in Sources */,
				29EA6084171B3947002D0666 /* AFURLConnectionOperation.m in Sources */,
				29EA6085171B3947002D0666 /* AFXMLRequestOperation.m in Sources */,
				29EA6086171B3947002D0666 /* UIImageView+AFNetworking.m in Sources */,
				29EA6087171B3947002D0666 /* ServerManager.m in Sources */,
				29EA6094171B3A04002D0666 /* EnterYourDigitzViewController.m in Sources */,
				29EA6095171B3A04002D0666 /* PersonalInformationViewController.m in Sources */,
				29EA60B7171B42B5002D0666 /* SocialHubViewController.m in Sources */,
				D9356607171DA0A200F4C910 /* MainMenuViewController.m in Sources */,
				D935660C171DA37B00F4C910 /* LoginViewController.m in Sources */,
				D9356611171DA5AD00F4C910 /* SignUpViewController.m in Sources */,
				D935661A171DAC3200F4C910 /* MBProgressHUD.m in Sources */,
				D98D505C171DC65300714359 /* User.m in Sources */,
			);
			runOnlyForDeploymentPostprocessing = 0;
		};
/* End PBXSourcesBuildPhase section */

/* Begin PBXVariantGroup section */
		29EA5FFB171B2665002D0666 /* InfoPlist.strings */ = {
			isa = PBXVariantGroup;
			children = (
				29EA5FFC171B2665002D0666 /* en */,
			);
			name = InfoPlist.strings;
			sourceTree = "<group>";
		};
/* End PBXVariantGroup section */

/* Begin XCBuildConfiguration section */
		29EA600A171B2665002D0666 /* Debug */ = {
			isa = XCBuildConfiguration;
			buildSettings = {
				ALWAYS_SEARCH_USER_PATHS = NO;
				CLANG_CXX_LANGUAGE_STANDARD = "gnu++0x";
				CLANG_CXX_LIBRARY = "libc++";
				CLANG_ENABLE_OBJC_ARC = YES;
				CLANG_WARN_EMPTY_BODY = YES;
				CLANG_WARN__DUPLICATE_METHOD_MATCH = YES;
				"CODE_SIGN_IDENTITY[sdk=iphoneos*]" = "iPhone Developer";
				COPY_PHASE_STRIP = NO;
				GCC_C_LANGUAGE_STANDARD = gnu99;
				GCC_DYNAMIC_NO_PIC = NO;
				GCC_OPTIMIZATION_LEVEL = 0;
				GCC_PREPROCESSOR_DEFINITIONS = (
					"DEBUG=1",
					"$(inherited)",
				);
				GCC_SYMBOLS_PRIVATE_EXTERN = NO;
				GCC_WARN_ABOUT_RETURN_TYPE = YES;
				GCC_WARN_UNINITIALIZED_AUTOS = YES;
				GCC_WARN_UNUSED_VARIABLE = YES;
				IPHONEOS_DEPLOYMENT_TARGET = 6.0;
				ONLY_ACTIVE_ARCH = YES;
				SDKROOT = iphoneos;
				TARGETED_DEVICE_FAMILY = "1,2";
			};
			name = Debug;
		};
		29EA600B171B2665002D0666 /* Release */ = {
			isa = XCBuildConfiguration;
			buildSettings = {
				ALWAYS_SEARCH_USER_PATHS = NO;
				CLANG_CXX_LANGUAGE_STANDARD = "gnu++0x";
				CLANG_CXX_LIBRARY = "libc++";
				CLANG_ENABLE_OBJC_ARC = YES;
				CLANG_WARN_EMPTY_BODY = YES;
				CLANG_WARN__DUPLICATE_METHOD_MATCH = YES;
				"CODE_SIGN_IDENTITY[sdk=iphoneos*]" = "iPhone Developer";
				COPY_PHASE_STRIP = YES;
				GCC_C_LANGUAGE_STANDARD = gnu99;
				GCC_WARN_ABOUT_RETURN_TYPE = YES;
				GCC_WARN_UNINITIALIZED_AUTOS = YES;
				GCC_WARN_UNUSED_VARIABLE = YES;
				IPHONEOS_DEPLOYMENT_TARGET = 6.0;
				OTHER_CFLAGS = "-DNS_BLOCK_ASSERTIONS=1";
				SDKROOT = iphoneos;
				TARGETED_DEVICE_FAMILY = "1,2";
				VALIDATE_PRODUCT = YES;
			};
			name = Release;
		};
		29EA600D171B2665002D0666 /* Debug */ = {
			isa = XCBuildConfiguration;
			buildSettings = {
				GCC_PRECOMPILE_PREFIX_HEADER = YES;
				GCC_PREFIX_HEADER = "Digitz/Digitz-Prefix.pch";
				INFOPLIST_FILE = "Digitz/Digitz-Info.plist";
				IPHONEOS_DEPLOYMENT_TARGET = 5.0;
				PRODUCT_NAME = "$(TARGET_NAME)";
				WRAPPER_EXTENSION = app;
			};
			name = Debug;
		};
		29EA600E171B2665002D0666 /* Release */ = {
			isa = XCBuildConfiguration;
			buildSettings = {
				GCC_PRECOMPILE_PREFIX_HEADER = YES;
				GCC_PREFIX_HEADER = "Digitz/Digitz-Prefix.pch";
				INFOPLIST_FILE = "Digitz/Digitz-Info.plist";
				IPHONEOS_DEPLOYMENT_TARGET = 5.0;
				PRODUCT_NAME = "$(TARGET_NAME)";
				WRAPPER_EXTENSION = app;
			};
			name = Release;
		};
/* End XCBuildConfiguration section */

/* Begin XCConfigurationList section */
		29EA5FE8171B2665002D0666 /* Build configuration list for PBXProject "Digitz" */ = {
			isa = XCConfigurationList;
			buildConfigurations = (
				29EA600A171B2665002D0666 /* Debug */,
				29EA600B171B2665002D0666 /* Release */,
			);
			defaultConfigurationIsVisible = 0;
			defaultConfigurationName = Release;
		};
		29EA600C171B2665002D0666 /* Build configuration list for PBXNativeTarget "Digitz" */ = {
			isa = XCConfigurationList;
			buildConfigurations = (
				29EA600D171B2665002D0666 /* Debug */,
				29EA600E171B2665002D0666 /* Release */,
			);
			defaultConfigurationIsVisible = 0;
			defaultConfigurationName = Release;
		};
/* End XCConfigurationList section */
	};
	rootObject = 29EA5FE5171B2665002D0666 /* Project object */;
}
